// !$*UTF8*$!
{
	archiveVersion = 1;
	classes = {
	};
	objectVersion = 50;
	objects = {

/* Begin PBXBuildFile section */
		292751422763A2AF00DA4E65 /* AppDelegate.swift in Sources */ = {isa = PBXBuildFile; fileRef = 292751412763A2AF00DA4E65 /* AppDelegate.swift */; };
		292751442763A2AF00DA4E65 /* SceneDelegate.swift in Sources */ = {isa = PBXBuildFile; fileRef = 292751432763A2AF00DA4E65 /* SceneDelegate.swift */; };
		292751462763A2AF00DA4E65 /* ViewController.swift in Sources */ = {isa = PBXBuildFile; fileRef = 292751452763A2AF00DA4E65 /* ViewController.swift */; };
		292751492763A2AF00DA4E65 /* Main.storyboard in Resources */ = {isa = PBXBuildFile; fileRef = 292751472763A2AF00DA4E65 /* Main.storyboard */; };
		2927514B2763A2B100DA4E65 /* Assets.xcassets in Resources */ = {isa = PBXBuildFile; fileRef = 2927514A2763A2B100DA4E65 /* Assets.xcassets */; };
		2927514E2763A2B100DA4E65 /* LaunchScreen.storyboard in Resources */ = {isa = PBXBuildFile; fileRef = 2927514C2763A2B100DA4E65 /* LaunchScreen.storyboard */; };
		292751592763A2B100DA4E65 /* JenkinsTestTests.swift in Sources */ = {isa = PBXBuildFile; fileRef = 292751582763A2B100DA4E65 /* JenkinsTestTests.swift */; };
		292751642763A2B100DA4E65 /* JenkinsTestUITests.swift in Sources */ = {isa = PBXBuildFile; fileRef = 292751632763A2B100DA4E65 /* JenkinsTestUITests.swift */; };
/* End PBXBuildFile section */

/* Begin PBXContainerItemProxy section */
		292751552763A2B100DA4E65 /* PBXContainerItemProxy */ = {
			isa = PBXContainerItemProxy;
			containerPortal = 292751362763A2AF00DA4E65 /* Project object */;
			proxyType = 1;
			remoteGlobalIDString = 2927513D2763A2AF00DA4E65;
			remoteInfo = JenkinsTest;
		};
		292751602763A2B100DA4E65 /* PBXContainerItemProxy */ = {
			isa = PBXContainerItemProxy;
			containerPortal = 292751362763A2AF00DA4E65 /* Project object */;
			proxyType = 1;
			remoteGlobalIDString = 2927513D2763A2AF00DA4E65;
			remoteInfo = JenkinsTest;
		};
/* End PBXContainerItemProxy section */

/* Begin PBXCopyFilesBuildPhase section */
		292751882763ABB200DA4E65 /* Embed Frameworks */ = {
			isa = PBXCopyFilesBuildPhase;
			buildActionMask = 2147483647;
			dstPath = "";
			dstSubfolderSpec = 10;
			files = (
			);
			name = "Embed Frameworks";
			runOnlyForDeploymentPostprocessing = 0;
		};
/* End PBXCopyFilesBuildPhase section */

/* Begin PBXFileReference section */
		2927513E2763A2AF00DA4E65 /* JenkinsTest.app */ = {isa = PBXFileReference; explicitFileType = wrapper.application; includeInIndex = 0; path = JenkinsTest.app; sourceTree = BUILT_PRODUCTS_DIR; };
		292751412763A2AF00DA4E65 /* AppDelegate.swift */ = {isa = PBXFileReference; lastKnownFileType = sourcecode.swift; path = AppDelegate.swift; sourceTree = "<group>"; };
		292751432763A2AF00DA4E65 /* SceneDelegate.swift */ = {isa = PBXFileReference; lastKnownFileType = sourcecode.swift; path = SceneDelegate.swift; sourceTree = "<group>"; };
		292751452763A2AF00DA4E65 /* ViewController.swift */ = {isa = PBXFileReference; lastKnownFileType = sourcecode.swift; path = ViewController.swift; sourceTree = "<group>"; };
		292751482763A2AF00DA4E65 /* Base */ = {isa = PBXFileReference; lastKnownFileType = file.storyboard; name = Base; path = Base.lproj/Main.storyboard; sourceTree = "<group>"; };
		2927514A2763A2B100DA4E65 /* Assets.xcassets */ = {isa = PBXFileReference; lastKnownFileType = folder.assetcatalog; path = Assets.xcassets; sourceTree = "<group>"; };
		2927514D2763A2B100DA4E65 /* Base */ = {isa = PBXFileReference; lastKnownFileType = file.storyboard; name = Base; path = Base.lproj/LaunchScreen.storyboard; sourceTree = "<group>"; };
		2927514F2763A2B100DA4E65 /* Info.plist */ = {isa = PBXFileReference; lastKnownFileType = text.plist.xml; path = Info.plist; sourceTree = "<group>"; };
		292751542763A2B100DA4E65 /* JenkinsTestTests.xctest */ = {isa = PBXFileReference; explicitFileType = wrapper.cfbundle; includeInIndex = 0; path = JenkinsTestTests.xctest; sourceTree = BUILT_PRODUCTS_DIR; };
		292751582763A2B100DA4E65 /* JenkinsTestTests.swift */ = {isa = PBXFileReference; lastKnownFileType = sourcecode.swift; path = JenkinsTestTests.swift; sourceTree = "<group>"; };
		2927515A2763A2B100DA4E65 /* Info.plist */ = {isa = PBXFileReference; lastKnownFileType = text.plist.xml; path = Info.plist; sourceTree = "<group>"; };
		2927515F2763A2B100DA4E65 /* JenkinsTestUITests.xctest */ = {isa = PBXFileReference; explicitFileType = wrapper.cfbundle; includeInIndex = 0; path = JenkinsTestUITests.xctest; sourceTree = BUILT_PRODUCTS_DIR; };
		292751632763A2B100DA4E65 /* JenkinsTestUITests.swift */ = {isa = PBXFileReference; lastKnownFileType = sourcecode.swift; path = JenkinsTestUITests.swift; sourceTree = "<group>"; };
		292751652763A2B100DA4E65 /* Info.plist */ = {isa = PBXFileReference; lastKnownFileType = text.plist.xml; path = Info.plist; sourceTree = "<group>"; };
/* End PBXFileReference section */

/* Begin PBXFrameworksBuildPhase section */
		2927513B2763A2AF00DA4E65 /* Frameworks */ = {
			isa = PBXFrameworksBuildPhase;
			buildActionMask = 2147483647;
			files = (
			);
			runOnlyForDeploymentPostprocessing = 0;
		};
		292751512763A2B100DA4E65 /* Frameworks */ = {
			isa = PBXFrameworksBuildPhase;
			buildActionMask = 2147483647;
			files = (
			);
			runOnlyForDeploymentPostprocessing = 0;
		};
		2927515C2763A2B100DA4E65 /* Frameworks */ = {
			isa = PBXFrameworksBuildPhase;
			buildActionMask = 2147483647;
			files = (
			);
			runOnlyForDeploymentPostprocessing = 0;
		};
/* End PBXFrameworksBuildPhase section */

/* Begin PBXGroup section */
		292751352763A2AF00DA4E65 = {
			isa = PBXGroup;
			children = (
				292751402763A2AF00DA4E65 /* JenkinsTest */,
				292751572763A2B100DA4E65 /* JenkinsTestTests */,
				292751622763A2B100DA4E65 /* JenkinsTestUITests */,
				2927513F2763A2AF00DA4E65 /* Products */,
			);
			sourceTree = "<group>";
		};
		2927513F2763A2AF00DA4E65 /* Products */ = {
			isa = PBXGroup;
			children = (
				2927513E2763A2AF00DA4E65 /* JenkinsTest.app */,
				292751542763A2B100DA4E65 /* JenkinsTestTests.xctest */,
				2927515F2763A2B100DA4E65 /* JenkinsTestUITests.xctest */,
			);
			name = Products;
			sourceTree = "<group>";
		};
		292751402763A2AF00DA4E65 /* JenkinsTest */ = {
			isa = PBXGroup;
			children = (
				292751412763A2AF00DA4E65 /* AppDelegate.swift */,
				292751432763A2AF00DA4E65 /* SceneDelegate.swift */,
				292751452763A2AF00DA4E65 /* ViewController.swift */,
				292751472763A2AF00DA4E65 /* Main.storyboard */,
				2927514A2763A2B100DA4E65 /* Assets.xcassets */,
				2927514C2763A2B100DA4E65 /* LaunchScreen.storyboard */,
				2927514F2763A2B100DA4E65 /* Info.plist */,
			);
			path = JenkinsTest;
			sourceTree = "<group>";
		};
		292751572763A2B100DA4E65 /* JenkinsTestTests */ = {
			isa = PBXGroup;
			children = (
				292751582763A2B100DA4E65 /* JenkinsTestTests.swift */,
				2927515A2763A2B100DA4E65 /* Info.plist */,
			);
			path = JenkinsTestTests;
			sourceTree = "<group>";
		};
		292751622763A2B100DA4E65 /* JenkinsTestUITests */ = {
			isa = PBXGroup;
			children = (
				292751632763A2B100DA4E65 /* JenkinsTestUITests.swift */,
				292751652763A2B100DA4E65 /* Info.plist */,
			);
			path = JenkinsTestUITests;
			sourceTree = "<group>";
		};
/* End PBXGroup section */

/* Begin PBXNativeTarget section */
		2927513D2763A2AF00DA4E65 /* JenkinsTest */ = {
			isa = PBXNativeTarget;
			buildConfigurationList = 292751682763A2B100DA4E65 /* Build configuration list for PBXNativeTarget "JenkinsTest" */;
			buildPhases = (
				2927513A2763A2AF00DA4E65 /* Sources */,
				2927513B2763A2AF00DA4E65 /* Frameworks */,
				2927513C2763A2AF00DA4E65 /* Resources */,
				292751882763ABB200DA4E65 /* Embed Frameworks */,
			);
			buildRules = (
			);
			dependencies = (
			);
			name = JenkinsTest;
			packageProductDependencies = (
			);
			productName = JenkinsTest;
			productReference = 2927513E2763A2AF00DA4E65 /* JenkinsTest.app */;
			productType = "com.apple.product-type.application";
		};
		292751532763A2B100DA4E65 /* JenkinsTestTests */ = {
			isa = PBXNativeTarget;
			buildConfigurationList = 2927516B2763A2B100DA4E65 /* Build configuration list for PBXNativeTarget "JenkinsTestTests" */;
			buildPhases = (
				292751502763A2B100DA4E65 /* Sources */,
				292751512763A2B100DA4E65 /* Frameworks */,
				292751522763A2B100DA4E65 /* Resources */,
			);
			buildRules = (
			);
			dependencies = (
				292751562763A2B100DA4E65 /* PBXTargetDependency */,
			);
			name = JenkinsTestTests;
			productName = JenkinsTestTests;
			productReference = 292751542763A2B100DA4E65 /* JenkinsTestTests.xctest */;
			productType = "com.apple.product-type.bundle.unit-test";
		};
		2927515E2763A2B100DA4E65 /* JenkinsTestUITests */ = {
			isa = PBXNativeTarget;
			buildConfigurationList = 2927516E2763A2B100DA4E65 /* Build configuration list for PBXNativeTarget "JenkinsTestUITests" */;
			buildPhases = (
				2927515B2763A2B100DA4E65 /* Sources */,
				2927515C2763A2B100DA4E65 /* Frameworks */,
				2927515D2763A2B100DA4E65 /* Resources */,
			);
			buildRules = (
			);
			dependencies = (
				292751612763A2B100DA4E65 /* PBXTargetDependency */,
			);
			name = JenkinsTestUITests;
			productName = JenkinsTestUITests;
			productReference = 2927515F2763A2B100DA4E65 /* JenkinsTestUITests.xctest */;
			productType = "com.apple.product-type.bundle.ui-testing";
		};
/* End PBXNativeTarget section */

/* Begin PBXProject section */
		292751362763A2AF00DA4E65 /* Project object */ = {
			isa = PBXProject;
			attributes = {
				LastSwiftUpdateCheck = 1250;
				LastUpgradeCheck = 1250;
				TargetAttributes = {
					2927513D2763A2AF00DA4E65 = {
						CreatedOnToolsVersion = 12.5;
					};
					292751532763A2B100DA4E65 = {
						CreatedOnToolsVersion = 12.5;
						TestTargetID = 2927513D2763A2AF00DA4E65;
					};
					2927515E2763A2B100DA4E65 = {
						CreatedOnToolsVersion = 12.5;
						TestTargetID = 2927513D2763A2AF00DA4E65;
					};
				};
			};
			buildConfigurationList = 292751392763A2AF00DA4E65 /* Build configuration list for PBXProject "JenkinsTest" */;
			compatibilityVersion = "Xcode 9.3";
			developmentRegion = en;
			hasScannedForEncodings = 0;
			knownRegions = (
				en,
				Base,
			);
			mainGroup = 292751352763A2AF00DA4E65;
			packageReferences = (
			);
			productRefGroup = 2927513F2763A2AF00DA4E65 /* Products */;
			projectDirPath = "";
			projectRoot = "";
			targets = (
				2927513D2763A2AF00DA4E65 /* JenkinsTest */,
				292751532763A2B100DA4E65 /* JenkinsTestTests */,
				2927515E2763A2B100DA4E65 /* JenkinsTestUITests */,
			);
		};
/* End PBXProject section */

/* Begin PBXResourcesBuildPhase section */
		2927513C2763A2AF00DA4E65 /* Resources */ = {
			isa = PBXResourcesBuildPhase;
			buildActionMask = 2147483647;
			files = (
				2927514E2763A2B100DA4E65 /* LaunchScreen.storyboard in Resources */,
				2927514B2763A2B100DA4E65 /* Assets.xcassets in Resources */,
				292751492763A2AF00DA4E65 /* Main.storyboard in Resources */,
			);
			runOnlyForDeploymentPostprocessing = 0;
		};
		292751522763A2B100DA4E65 /* Resources */ = {
			isa = PBXResourcesBuildPhase;
			buildActionMask = 2147483647;
			files = (
			);
			runOnlyForDeploymentPostprocessing = 0;
		};
		2927515D2763A2B100DA4E65 /* Resources */ = {
			isa = PBXResourcesBuildPhase;
			buildActionMask = 2147483647;
			files = (
			);
			runOnlyForDeploymentPostprocessing = 0;
		};
/* End PBXResourcesBuildPhase section */

/* Begin PBXSourcesBuildPhase section */
		2927513A2763A2AF00DA4E65 /* Sources */ = {
			isa = PBXSourcesBuildPhase;
			buildActionMask = 2147483647;
			files = (
				292751462763A2AF00DA4E65 /* ViewController.swift in Sources */,
				292751422763A2AF00DA4E65 /* AppDelegate.swift in Sources */,
				292751442763A2AF00DA4E65 /* SceneDelegate.swift in Sources */,
			);
			runOnlyForDeploymentPostprocessing = 0;
		};
		292751502763A2B100DA4E65 /* Sources */ = {
			isa = PBXSourcesBuildPhase;
			buildActionMask = 2147483647;
			files = (
				292751592763A2B100DA4E65 /* JenkinsTestTests.swift in Sources */,
			);
			runOnlyForDeploymentPostprocessing = 0;
		};
		2927515B2763A2B100DA4E65 /* Sources */ = {
			isa = PBXSourcesBuildPhase;
			buildActionMask = 2147483647;
			files = (
				292751642763A2B100DA4E65 /* JenkinsTestUITests.swift in Sources */,
			);
			runOnlyForDeploymentPostprocessing = 0;
		};
/* End PBXSourcesBuildPhase section */

/* Begin PBXTargetDependency section */
		292751562763A2B100DA4E65 /* PBXTargetDependency */ = {
			isa = PBXTargetDependency;
			target = 2927513D2763A2AF00DA4E65 /* JenkinsTest */;
			targetProxy = 292751552763A2B100DA4E65 /* PBXContainerItemProxy */;
		};
		292751612763A2B100DA4E65 /* PBXTargetDependency */ = {
			isa = PBXTargetDependency;
			target = 2927513D2763A2AF00DA4E65 /* JenkinsTest */;
			targetProxy = 292751602763A2B100DA4E65 /* PBXContainerItemProxy */;
		};
/* End PBXTargetDependency section */

/* Begin PBXVariantGroup section */
		292751472763A2AF00DA4E65 /* Main.storyboard */ = {
			isa = PBXVariantGroup;
			children = (
				292751482763A2AF00DA4E65 /* Base */,
			);
			name = Main.storyboard;
			sourceTree = "<group>";
		};
		2927514C2763A2B100DA4E65 /* LaunchScreen.storyboard */ = {
			isa = PBXVariantGroup;
			children = (
				2927514D2763A2B100DA4E65 /* Base */,
			);
			name = LaunchScreen.storyboard;
			sourceTree = "<group>";
		};
/* End PBXVariantGroup section */

/* Begin XCBuildConfiguration section */
		292751662763A2B100DA4E65 /* Debug */ = {
			isa = XCBuildConfiguration;
			buildSettings = {
				ALWAYS_SEARCH_USER_PATHS = NO;
				CLANG_ANALYZER_NONNULL = YES;
				CLANG_ANALYZER_NUMBER_OBJECT_CONVERSION = YES_AGGRESSIVE;
				CLANG_CXX_LANGUAGE_STANDARD = "gnu++14";
				CLANG_CXX_LIBRARY = "libc++";
				CLANG_ENABLE_MODULES = YES;
				CLANG_ENABLE_OBJC_ARC = YES;
				CLANG_ENABLE_OBJC_WEAK = YES;
				CLANG_WARN_BLOCK_CAPTURE_AUTORELEASING = YES;
				CLANG_WARN_BOOL_CONVERSION = YES;
				CLANG_WARN_COMMA = YES;
				CLANG_WARN_CONSTANT_CONVERSION = YES;
				CLANG_WARN_DEPRECATED_OBJC_IMPLEMENTATIONS = YES;
				CLANG_WARN_DIRECT_OBJC_ISA_USAGE = YES_ERROR;
				CLANG_WARN_DOCUMENTATION_COMMENTS = YES;
				CLANG_WARN_EMPTY_BODY = YES;
				CLANG_WARN_ENUM_CONVERSION = YES;
				CLANG_WARN_INFINITE_RECURSION = YES;
				CLANG_WARN_INT_CONVERSION = YES;
				CLANG_WARN_NON_LITERAL_NULL_CONVERSION = YES;
				CLANG_WARN_OBJC_IMPLICIT_RETAIN_SELF = YES;
				CLANG_WARN_OBJC_LITERAL_CONVERSION = YES;
				CLANG_WARN_OBJC_ROOT_CLASS = YES_ERROR;
				CLANG_WARN_QUOTED_INCLUDE_IN_FRAMEWORK_HEADER = YES;
				CLANG_WARN_RANGE_LOOP_ANALYSIS = YES;
				CLANG_WARN_STRICT_PROTOTYPES = YES;
				CLANG_WARN_SUSPICIOUS_MOVE = YES;
				CLANG_WARN_UNGUARDED_AVAILABILITY = YES_AGGRESSIVE;
				CLANG_WARN_UNREACHABLE_CODE = YES;
				CLANG_WARN__DUPLICATE_METHOD_MATCH = YES;
				COPY_PHASE_STRIP = NO;
				DEBUG_INFORMATION_FORMAT = dwarf;
				ENABLE_STRICT_OBJC_MSGSEND = YES;
				ENABLE_TESTABILITY = YES;
				GCC_C_LANGUAGE_STANDARD = gnu11;
				GCC_DYNAMIC_NO_PIC = NO;
				GCC_NO_COMMON_BLOCKS = YES;
				GCC_OPTIMIZATION_LEVEL = 0;
				GCC_PREPROCESSOR_DEFINITIONS = (
					"DEBUG=1",
					"$(inherited)",
				);
				GCC_WARN_64_TO_32_BIT_CONVERSION = YES;
				GCC_WARN_ABOUT_RETURN_TYPE = YES_ERROR;
				GCC_WARN_UNDECLARED_SELECTOR = YES;
				GCC_WARN_UNINITIALIZED_AUTOS = YES_AGGRESSIVE;
				GCC_WARN_UNUSED_FUNCTION = YES;
				GCC_WARN_UNUSED_VARIABLE = YES;
				IPHONEOS_DEPLOYMENT_TARGET = 13.0;
				MTL_ENABLE_DEBUG_INFO = INCLUDE_SOURCE;
				MTL_FAST_MATH = YES;
				ONLY_ACTIVE_ARCH = YES;
				SDKROOT = iphoneos;
				SWIFT_ACTIVE_COMPILATION_CONDITIONS = DEBUG;
				SWIFT_OPTIMIZATION_LEVEL = "-Onone";
			};
			name = Debug;
		};
		292751672763A2B100DA4E65 /* Release */ = {
			isa = XCBuildConfiguration;
			buildSettings = {
				ALWAYS_SEARCH_USER_PATHS = NO;
				CLANG_ANALYZER_NONNULL = YES;
				CLANG_ANALYZER_NUMBER_OBJECT_CONVERSION = YES_AGGRESSIVE;
				CLANG_CXX_LANGUAGE_STANDARD = "gnu++14";
				CLANG_CXX_LIBRARY = "libc++";
				CLANG_ENABLE_MODULES = YES;
				CLANG_ENABLE_OBJC_ARC = YES;
				CLANG_ENABLE_OBJC_WEAK = YES;
				CLANG_WARN_BLOCK_CAPTURE_AUTORELEASING = YES;
				CLANG_WARN_BOOL_CONVERSION = YES;
				CLANG_WARN_COMMA = YES;
				CLANG_WARN_CONSTANT_CONVERSION = YES;
				CLANG_WARN_DEPRECATED_OBJC_IMPLEMENTATIONS = YES;
				CLANG_WARN_DIRECT_OBJC_ISA_USAGE = YES_ERROR;
				CLANG_WARN_DOCUMENTATION_COMMENTS = YES;
				CLANG_WARN_EMPTY_BODY = YES;
				CLANG_WARN_ENUM_CONVERSION = YES;
				CLANG_WARN_INFINITE_RECURSION = YES;
				CLANG_WARN_INT_CONVERSION = YES;
				CLANG_WARN_NON_LITERAL_NULL_CONVERSION = YES;
				CLANG_WARN_OBJC_IMPLICIT_RETAIN_SELF = YES;
				CLANG_WARN_OBJC_LITERAL_CONVERSION = YES;
				CLANG_WARN_OBJC_ROOT_CLASS = YES_ERROR;
				CLANG_WARN_QUOTED_INCLUDE_IN_FRAMEWORK_HEADER = YES;
				CLANG_WARN_RANGE_LOOP_ANALYSIS = YES;
				CLANG_WARN_STRICT_PROTOTYPES = YES;
				CLANG_WARN_SUSPICIOUS_MOVE = YES;
				CLANG_WARN_UNGUARDED_AVAILABILITY = YES_AGGRESSIVE;
				CLANG_WARN_UNREACHABLE_CODE = YES;
				CLANG_WARN__DUPLICATE_METHOD_MATCH = YES;
				COPY_PHASE_STRIP = NO;
				DEBUG_INFORMATION_FORMAT = "dwarf-with-dsym";
				ENABLE_NS_ASSERTIONS = NO;
				ENABLE_STRICT_OBJC_MSGSEND = YES;
				GCC_C_LANGUAGE_STANDARD = gnu11;
				GCC_NO_COMMON_BLOCKS = YES;
				GCC_WARN_64_TO_32_BIT_CONVERSION = YES;
				GCC_WARN_ABOUT_RETURN_TYPE = YES_ERROR;
				GCC_WARN_UNDECLARED_SELECTOR = YES;
				GCC_WARN_UNINITIALIZED_AUTOS = YES_AGGRESSIVE;
				GCC_WARN_UNUSED_FUNCTION = YES;
				GCC_WARN_UNUSED_VARIABLE = YES;
				IPHONEOS_DEPLOYMENT_TARGET = 13.0;
				MTL_ENABLE_DEBUG_INFO = NO;
				MTL_FAST_MATH = YES;
				SDKROOT = iphoneos;
				SWIFT_COMPILATION_MODE = wholemodule;
				SWIFT_OPTIMIZATION_LEVEL = "-O";
				VALIDATE_PRODUCT = YES;
			};
			name = Release;
		};
		292751692763A2B100DA4E65 /* Debug */ = {
			isa = XCBuildConfiguration;
			buildSettings = {
				ASSETCATALOG_COMPILER_APPICON_NAME = AppIcon;
				ASSETCATALOG_COMPILER_GLOBAL_ACCENT_COLOR_NAME = AccentColor;
				CODE_SIGN_IDENTITY = "Apple Development";
				CODE_SIGN_STYLE = Automatic;
				DEVELOPMENT_TEAM = "";
				INFOPLIST_FILE = JenkinsTest/Info.plist;
				IPHONEOS_DEPLOYMENT_TARGET = 13.0;
				LD_RUNPATH_SEARCH_PATHS = (
					"$(inherited)",
					"@executable_path/Frameworks",
				);
				PRODUCT_BUNDLE_IDENTIFIER = com.JenkinsTest;
				PRODUCT_NAME = "$(TARGET_NAME)";
				PROVISIONING_PROFILE_SPECIFIER = "";
				SWIFT_VERSION = 5.0;
				TARGETED_DEVICE_FAMILY = "1,2";
			};
			name = Debug;
		};
		2927516A2763A2B100DA4E65 /* Release */ = {
			isa = XCBuildConfiguration;
			buildSettings = {
				ASSETCATALOG_COMPILER_APPICON_NAME = AppIcon;
				ASSETCATALOG_COMPILER_GLOBAL_ACCENT_COLOR_NAME = AccentColor;
				CODE_SIGN_IDENTITY = "Apple Development";
				CODE_SIGN_STYLE = Automatic;
				DEVELOPMENT_TEAM = "";
				INFOPLIST_FILE = JenkinsTest/Info.plist;
				IPHONEOS_DEPLOYMENT_TARGET = 13.0;
				LD_RUNPATH_SEARCH_PATHS = (
					"$(inherited)",
					"@executable_path/Frameworks",
				);
				PRODUCT_BUNDLE_IDENTIFIER = com.JenkinsTest;
				PRODUCT_NAME = "$(TARGET_NAME)";
				PROVISIONING_PROFILE_SPECIFIER = "";
				SWIFT_VERSION = 5.0;
				TARGETED_DEVICE_FAMILY = "1,2";
			};
			name = Release;
		};
		2927516C2763A2B100DA4E65 /* Debug */ = {
			isa = XCBuildConfiguration;
			buildSettings = {
				ALWAYS_EMBED_SWIFT_STANDARD_LIBRARIES = YES;
				BUNDLE_LOADER = "$(TEST_HOST)";
				CODE_SIGN_STYLE = Automatic;
				INFOPLIST_FILE = JenkinsTestTests/Info.plist;
				IPHONEOS_DEPLOYMENT_TARGET = 14.5;
				LD_RUNPATH_SEARCH_PATHS = (
					"$(inherited)",
					"@executable_path/Frameworks",
					"@loader_path/Frameworks",
				);
				PRODUCT_BUNDLE_IDENTIFIER = com.JenkinsTestTests;
				PRODUCT_NAME = "$(TARGET_NAME)";
				SWIFT_VERSION = 5.0;
				TARGETED_DEVICE_FAMILY = "1,2";
				TEST_HOST = "$(BUILT_PRODUCTS_DIR)/JenkinsTest.app/JenkinsTest";
			};
			name = Debug;
		};
		2927516D2763A2B100DA4E65 /* Release */ = {
			isa = XCBuildConfiguration;
			buildSettings = {
				ALWAYS_EMBED_SWIFT_STANDARD_LIBRARIES = YES;
				BUNDLE_LOADER = "$(TEST_HOST)";
				CODE_SIGN_STYLE = Automatic;
				INFOPLIST_FILE = JenkinsTestTests/Info.plist;
				IPHONEOS_DEPLOYMENT_TARGET = 14.5;
				LD_RUNPATH_SEARCH_PATHS = (
					"$(inherited)",
					"@executable_path/Frameworks",
					"@loader_path/Frameworks",
				);
				PRODUCT_BUNDLE_IDENTIFIER = com.JenkinsTestTests;
				PRODUCT_NAME = "$(TARGET_NAME)";
				SWIFT_VERSION = 5.0;
				TARGETED_DEVICE_FAMILY = "1,2";
				TEST_HOST = "$(BUILT_PRODUCTS_DIR)/JenkinsTest.app/JenkinsTest";
			};
			name = Release;
		};
		2927516F2763A2B100DA4E65 /* Debug */ = {
			isa = XCBuildConfiguration;
			buildSettings = {
				ALWAYS_EMBED_SWIFT_STANDARD_LIBRARIES = YES;
				CODE_SIGN_STYLE = Automatic;
				INFOPLIST_FILE = JenkinsTestUITests/Info.plist;
				LD_RUNPATH_SEARCH_PATHS = (
					"$(inherited)",
					"@executable_path/Frameworks",
					"@loader_path/Frameworks",
				);
				PRODUCT_BUNDLE_IDENTIFIER = com.JenkinsTestUITests;
				PRODUCT_NAME = "$(TARGET_NAME)";
				SWIFT_VERSION = 5.0;
				TARGETED_DEVICE_FAMILY = "1,2";
				TEST_TARGET_NAME = JenkinsTest;
			};
			name = Debug;
		};
		292751702763A2B100DA4E65 /* Release */ = {
			isa = XCBuildConfiguration;
			buildSettings = {
				ALWAYS_EMBED_SWIFT_STANDARD_LIBRARIES = YES;
				CODE_SIGN_STYLE = Automatic;
				INFOPLIST_FILE = JenkinsTestUITests/Info.plist;
				LD_RUNPATH_SEARCH_PATHS = (
					"$(inherited)",
					"@executable_path/Frameworks",
					"@loader_path/Frameworks",
				);
				PRODUCT_BUNDLE_IDENTIFIER = com.JenkinsTestUITests;
				PRODUCT_NAME = "$(TARGET_NAME)";
				SWIFT_VERSION = 5.0;
				TARGETED_DEVICE_FAMILY = "1,2";
				TEST_TARGET_NAME = JenkinsTest;
			};
			name = Release;
		};
/* End XCBuildConfiguration section */

/* Begin XCConfigurationList section */
		292751392763A2AF00DA4E65 /* Build configuration list for PBXProject "JenkinsTest" */ = {
			isa = XCConfigurationList;
			buildConfigurations = (
				292751662763A2B100DA4E65 /* Debug */,
				292751672763A2B100DA4E65 /* Release */,
			);
			defaultConfigurationIsVisible = 0;
			defaultConfigurationName = Release;
		};
		292751682763A2B100DA4E65 /* Build configuration list for PBXNativeTarget "JenkinsTest" */ = {
			isa = XCConfigurationList;
			buildConfigurations = (
				292751692763A2B100DA4E65 /* Debug */,
				2927516A2763A2B100DA4E65 /* Release */,
			);
			defaultConfigurationIsVisible = 0;
			defaultConfigurationName = Release;
		};
		2927516B2763A2B100DA4E65 /* Build configuration list for PBXNativeTarget "JenkinsTestTests" */ = {
			isa = XCConfigurationList;
			buildConfigurations = (
				2927516C2763A2B100DA4E65 /* Debug */,
				2927516D2763A2B100DA4E65 /* Release */,
			);
			defaultConfigurationIsVisible = 0;
			defaultConfigurationName = Release;
		};
		2927516E2763A2B100DA4E65 /* Build configuration list for PBXNativeTarget "JenkinsTestUITests" */ = {
			isa = XCConfigurationList;
			buildConfigurations = (
				2927516F2763A2B100DA4E65 /* Debug */,
				292751702763A2B100DA4E65 /* Release */,
			);
			defaultConfigurationIsVisible = 0;
			defaultConfigurationName = Release;
		};
/* End XCConfigurationList section */
	};
	rootObject = 292751362763A2AF00DA4E65 /* Project object */;
}
